// !$*UTF8*$!
{
	archiveVersion = 1;
	classes = {
	};
	objectVersion = 46;
	objects = {

/* Begin PBXBuildFile section */
		631ACF391EDE33FC003C9841 /* AppDelegate.swift in Sources */ = {isa = PBXBuildFile; fileRef = 631ACF381EDE33FC003C9841 /* AppDelegate.swift */; };
		631ACF3E1EDE33FC003C9841 /* Main.storyboard in Resources */ = {isa = PBXBuildFile; fileRef = 631ACF3C1EDE33FC003C9841 /* Main.storyboard */; };
		631ACF401EDE33FC003C9841 /* Assets.xcassets in Resources */ = {isa = PBXBuildFile; fileRef = 631ACF3F1EDE33FC003C9841 /* Assets.xcassets */; };
		631ACF431EDE33FC003C9841 /* LaunchScreen.storyboard in Resources */ = {isa = PBXBuildFile; fileRef = 631ACF411EDE33FC003C9841 /* LaunchScreen.storyboard */; };
		631ACF6F1EDE5722003C9841 /* CurrencyTableViewController.swift in Sources */ = {isa = PBXBuildFile; fileRef = 631ACF6E1EDE5722003C9841 /* CurrencyTableViewController.swift */; };
/* End PBXBuildFile section */

/* Begin PBXFileReference section */
		631ACF351EDE33FC003C9841 /* Currency Rates.app */ = {isa = PBXFileReference; explicitFileType = wrapper.application; includeInIndex = 0; path = "Currency Rates.app"; sourceTree = BUILT_PRODUCTS_DIR; };
		631ACF381EDE33FC003C9841 /* AppDelegate.swift */ = {isa = PBXFileReference; lastKnownFileType = sourcecode.swift; path = AppDelegate.swift; sourceTree = "<group>"; };
		631ACF3D1EDE33FC003C9841 /* Base */ = {isa = PBXFileReference; lastKnownFileType = file.storyboard; name = Base; path = Base.lproj/Main.storyboard; sourceTree = "<group>"; };
		631ACF3F1EDE33FC003C9841 /* Assets.xcassets */ = {isa = PBXFileReference; lastKnownFileType = folder.assetcatalog; path = Assets.xcassets; sourceTree = "<group>"; };
		631ACF421EDE33FC003C9841 /* Base */ = {isa = PBXFileReference; lastKnownFileType = file.storyboard; name = Base; path = Base.lproj/LaunchScreen.storyboard; sourceTree = "<group>"; };
		631ACF441EDE33FC003C9841 /* Info.plist */ = {isa = PBXFileReference; lastKnownFileType = text.plist.xml; path = Info.plist; sourceTree = "<group>"; };
		631ACF6E1EDE5722003C9841 /* CurrencyTableViewController.swift */ = {isa = PBXFileReference; fileEncoding = 4; lastKnownFileType = sourcecode.swift; path = CurrencyTableViewController.swift; sourceTree = "<group>"; };
/* End PBXFileReference section */

/* Begin PBXFrameworksBuildPhase section */
		631ACF321EDE33FC003C9841 /* Frameworks */ = {
			isa = PBXFrameworksBuildPhase;
			buildActionMask = 2147483647;
			files = (
			);
			runOnlyForDeploymentPostprocessing = 0;
		};
/* End PBXFrameworksBuildPhase section */

/* Begin PBXGroup section */
		631ACF2C1EDE33FC003C9841 = {
			isa = PBXGroup;
			children = (
				631ACF371EDE33FC003C9841 /* Currency Rates */,
				631ACF361EDE33FC003C9841 /* Products */,
			);
			sourceTree = "<group>";
		};
		631ACF361EDE33FC003C9841 /* Products */ = {
			isa = PBXGroup;
			children = (
				631ACF351EDE33FC003C9841 /* Currency Rates.app */,
			);
			name = Products;
			sourceTree = "<group>";
		};
		631ACF371EDE33FC003C9841 /* Currency Rates */ = {
			isa = PBXGroup;
			children = (
				631ACF381EDE33FC003C9841 /* AppDelegate.swift */,
				631ACF3C1EDE33FC003C9841 /* Main.storyboard */,
				631ACF6E1EDE5722003C9841 /* CurrencyTableViewController.swift */,
				631ACF3F1EDE33FC003C9841 /* Assets.xcassets */,
				631ACF411EDE33FC003C9841 /* LaunchScreen.storyboard */,
				631ACF441EDE33FC003C9841 /* Info.plist */,
			);
			path = "Currency Rates";
			sourceTree = "<group>";
		};
/* End PBXGroup section */

/* Begin PBXNativeTarget section */
		631ACF341EDE33FC003C9841 /* Currency Rates */ = {
			isa = PBXNativeTarget;
			buildConfigurationList = 631ACF471EDE33FC003C9841 /* Build configuration list for PBXNativeTarget "Currency Rates" */;
			buildPhases = (
				631ACF311EDE33FC003C9841 /* Sources */,
				631ACF321EDE33FC003C9841 /* Frameworks */,
				631ACF331EDE33FC003C9841 /* Resources */,
			);
			buildRules = (
			);
			dependencies = (
			);
			name = "Currency Rates";
			productName = "Currency Rates";
			productReference = 631ACF351EDE33FC003C9841 /* Currency Rates.app */;
			productType = "com.apple.product-type.application";
		};
/* End PBXNativeTarget section */

/* Begin PBXProject section */
		631ACF2D1EDE33FC003C9841 /* Project object */ = {
			isa = PBXProject;
			attributes = {
				LastSwiftUpdateCheck = 0830;
				LastUpgradeCheck = 0830;
				ORGANIZATIONNAME = Daya;
				TargetAttributes = {
					631ACF341EDE33FC003C9841 = {
						CreatedOnToolsVersion = 8.3.2;
						DevelopmentTeam = L5TGCNWYET;
						ProvisioningStyle = Automatic;
					};
				};
			};
			buildConfigurationList = 631ACF301EDE33FC003C9841 /* Build configuration list for PBXProject "Currency Rates" */;
			compatibilityVersion = "Xcode 3.2";
			developmentRegion = English;
			hasScannedForEncodings = 0;
			knownRegions = (
				en,
				Base,
			);
			mainGroup = 631ACF2C1EDE33FC003C9841;
			productRefGroup = 631ACF361EDE33FC003C9841 /* Products */;
			projectDirPath = "";
			projectRoot = "";
			targets = (
				631ACF341EDE33FC003C9841 /* Currency Rates */,
			);
		};
/* End PBXProject section */

/* Begin PBXResourcesBuildPhase section */
		631ACF331EDE33FC003C9841 /* Resources */ = {
			isa = PBXResourcesBuildPhase;
			buildActionMask = 2147483647;
			files = (
				631ACF431EDE33FC003C9841 /* LaunchScreen.storyboard in Resources */,
				631ACF401EDE33FC003C9841 /* Assets.xcassets in Resources */,
				631ACF3E1EDE33FC003C9841 /* Main.storyboard in Resources */,
			);
			runOnlyForDeploymentPostprocessing = 0;
		};
/* End PBXResourcesBuildPhase section */

/* Begin PBXSourcesBuildPhase section */
		631ACF311EDE33FC003C9841 /* Sources */ = {
			isa = PBXSourcesBuildPhase;
			buildActionMask = 2147483647;
			files = (
				631ACF6F1EDE5722003C9841 /* CurrencyTableViewController.swift in Sources */,
				631ACF391EDE33FC003C9841 /* AppDelegate.swift in Sources */,
			);
			runOnlyForDeploymentPostprocessing = 0;
		};
/* End PBXSourcesBuildPhase section */

/* Begin PBXVariantGroup section */
		631ACF3C1EDE33FC003C9841 /* Main.storyboard */ = {
			isa = PBXVariantGroup;
			children = (
				631ACF3D1EDE33FC003C9841 /* Base */,
			);
			name = Main.storyboard;
			sourceTree = "<group>";
		};
		631ACF411EDE33FC003C9841 /* LaunchScreen.storyboard */ = {
			isa = PBXVariantGroup;
			children = (
				631ACF421EDE33FC003C9841 /* Base */,
			);
			name = LaunchScreen.storyboard;
			sourceTree = "<group>";
		};
/* End PBXVariantGroup section */

/* Begin XCBuildConfiguration section */
		631ACF451EDE33FC003C9841 /* Debug */ = {
			isa = XCBuildConfiguration;
			buildSettings = {
				ALWAYS_SEARCH_USER_PATHS = NO;
				CLANG_ANALYZER_NONNULL = YES;
				CLANG_ANALYZER_NUMBER_OBJECT_CONVERSION = YES_AGGRESSIVE;
				CLANG_CXX_LANGUAGE_STANDARD = "gnu++0x";
				CLANG_CXX_LIBRARY = "libc++";
				CLANG_ENABLE_MODULES = YES;
				CLANG_ENABLE_OBJC_ARC = YES;
				CLANG_WARN_BOOL_CONVERSION = YES;
				CLANG_WARN_CONSTANT_CONVERSION = YES;
				CLANG_WARN_DIRECT_OBJC_ISA_USAGE = YES_ERROR;
				CLANG_WARN_DOCUMENTATION_COMMENTS = YES;
				CLANG_WARN_EMPTY_BODY = YES;
				CLANG_WARN_ENUM_CONVERSION = YES;
				CLANG_WARN_INFINITE_RECURSION = YES;
				CLANG_WARN_INT_CONVERSION = YES;
				CLANG_WARN_OBJC_ROOT_CLASS = YES_ERROR;
				CLANG_WARN_SUSPICIOUS_MOVE = YES;
				CLANG_WARN_UNREACHABLE_CODE = YES;
				CLANG_WARN__DUPLICATE_METHOD_MATCH = YES;
				"CODE_SIGN_IDENTITY[sdk=iphoneos*]" = "iPhone Developer";
				COPY_PHASE_STRIP = NO;
				DEBUG_INFORMATION_FORMAT = dwarf;
				ENABLE_STRICT_OBJC_MSGSEND = YES;
				ENABLE_TESTABILITY = YES;
				GCC_C_LANGUAGE_STANDARD = gnu99;
				GCC_DYNAMIC_NO_PIC = NO;
				GCC_NO_COMMON_BLOCKS = YES;
				GCC_OPTIMIZATION_LEVEL = 0;
				GCC_PREPROCESSOR_DEFINITIONS = (
					"DEBUG=1",
					"$(inherited)",
				);
				GCC_WARN_64_TO_32_BIT_CONVERSION = YES;
				GCC_WARN_ABOUT_RETURN_TYPE = YES_ERROR;
				GCC_WARN_UNDECLARED_SELECTOR = YES;
				GCC_WARN_UNINITIALIZED_AUTOS = YES_AGGRESSIVE;
				GCC_WARN_UNUSED_FUNCTION = YES;
				GCC_WARN_UNUSED_VARIABLE = YES;
				IPHONEOS_DEPLOYMENT_TARGET = 10.3;
				MTL_ENABLE_DEBUG_INFO = YES;
				ONLY_ACTIVE_ARCH = YES;
				SDKROOT = iphoneos;
				SWIFT_ACTIVE_COMPILATION_CONDITIONS = DEBUG;
				SWIFT_OPTIMIZATION_LEVEL = "-Onone";
			};
			name = Debug;
		};
		631ACF461EDE33FC003C9841 /* Release */ = {
			isa = XCBuildConfiguration;
			buildSettings = {
				ALWAYS_SEARCH_USER_PATHS = NO;
				CLANG_ANALYZER_NONNULL = YES;
				CLANG_ANALYZER_NUMBER_OBJECT_CONVERSION = YES_AGGRESSIVE;
				CLANG_CXX_LANGUAGE_STANDARD = "gnu++0x";
				CLANG_CXX_LIBRARY = "libc++";
				CLANG_ENABLE_MODULES = YES;
				CLANG_ENABLE_OBJC_ARC = YES;
				CLANG_WARN_BOOL_CONVERSION = YES;
				CLANG_WARN_CONSTANT_CONVERSION = YES;
				CLANG_WARN_DIRECT_OBJC_ISA_USAGE = YES_ERROR;
				CLANG_WARN_DOCUMENTATION_COMMENTS = YES;
				CLANG_WARN_EMPTY_BODY = YES;
				CLANG_WARN_ENUM_CONVERSION = YES;
				CLANG_WARN_INFINITE_RECURSION = YES;
				CLANG_WARN_INT_CONVERSION = YES;
				CLANG_WARN_OBJC_ROOT_CLASS = YES_ERROR;
				CLANG_WARN_SUSPICIOUS_MOVE = YES;
				CLANG_WARN_UNREACHABLE_CODE = YES;
				CLANG_WARN__DUPLICATE_METHOD_MATCH = YES;
				"CODE_SIGN_IDENTITY[sdk=iphoneos*]" = "iPhone Developer";
				COPY_PHASE_STRIP = NO;
				DEBUG_INFORMATION_FORMAT = "dwarf-with-dsym";
				ENABLE_NS_ASSERTIONS = NO;
				ENABLE_STRICT_OBJC_MSGSEND = YES;
				GCC_C_LANGUAGE_STANDARD = gnu99;
				GCC_NO_COMMON_BLOCKS = YES;
				GCC_WARN_64_TO_32_BIT_CONVERSION = YES;
				GCC_WARN_ABOUT_RETURN_TYPE = YES_ERROR;
				GCC_WARN_UNDECLARED_SELECTOR = YES;
				GCC_WARN_UNINITIALIZED_AUTOS = YES_AGGRESSIVE;
				GCC_WARN_UNUSED_FUNCTION = YES;
				GCC_WARN_UNUSED_VARIABLE = YES;
				IPHONEOS_DEPLOYMENT_TARGET = 10.3;
				MTL_ENABLE_DEBUG_INFO = NO;
				SDKROOT = iphoneos;
				SWIFT_OPTIMIZATION_LEVEL = "-Owholemodule";
				VALIDATE_PRODUCT = YES;
			};
			name = Release;
		};
		631ACF481EDE33FC003C9841 /* Debug */ = {
			isa = XCBuildConfiguration;
			buildSettings = {
				ASSETCATALOG_COMPILER_APPICON_NAME = AppIcon;
				DEVELOPMENT_TEAM = L5TGCNWYET;
				INFOPLIST_FILE = "Currency Rates/Info.plist";
				IPHONEOS_DEPLOYMENT_TARGET = 10.0;
				LD_RUNPATH_SEARCH_PATHS = "$(inherited) @executable_path/Frameworks";
				PRODUCT_BUNDLE_IDENTIFIER = "com.daya.Currency-Rates";
				PRODUCT_NAME = "$(TARGET_NAME)";
				SWIFT_VERSION = 3.0;
			};
			name = Debug;
		};
		631ACF491EDE33FC003C9841 /* Release */ = {
			isa = XCBuildConfiguration;
			buildSettings = {
				ASSETCATALOG_COMPILER_APPICON_NAME = AppIcon;
				DEVELOPMENT_TEAM = L5TGCNWYET;
				INFOPLIST_FILE = "Currency Rates/Info.plist";
				IPHONEOS_DEPLOYMENT_TARGET = 10.0;
				LD_RUNPATH_SEARCH_PATHS = "$(inherited) @executable_path/Frameworks";
				PRODUCT_BUNDLE_IDENTIFIER = "com.daya.Currency-Rates";
				PRODUCT_NAME = "$(TARGET_NAME)";
				SWIFT_VERSION = 3.0;
			};
			name = Release;
		};
/* End XCBuildConfiguration section */

/* Begin XCConfigurationList section */
		631ACF301EDE33FC003C9841 /* Build configuration list for PBXProject "Currency Rates" */ = {
			isa = XCConfigurationList;
			buildConfigurations = (
				631ACF451EDE33FC003C9841 /* Debug */,
				631ACF461EDE33FC003C9841 /* Release */,
			);
			defaultConfigurationIsVisible = 0;
			defaultConfigurationName = Release;
		};
		631ACF471EDE33FC003C9841 /* Build configuration list for PBXNativeTarget "Currency Rates" */ = {
			isa = XCConfigurationList;
			buildConfigurations = (
				631ACF481EDE33FC003C9841 /* Debug */,
				631ACF491EDE33FC003C9841 /* Release */,
			);
			defaultConfigurationIsVisible = 0;
		};
/* End XCConfigurationList section */
	};
	rootObject = 631ACF2D1EDE33FC003C9841 /* Project object */;
}
